{
  "name": "fieldz-desktop",
  "version": "6",
  "lockfileVersion": 3,
  "requires": true,
  "packages": {
    "": {
      "name": "fieldz-desktop",
      "version": "6",
      "hasInstallScript": true,
      "optionalDependencies": {
        "@rollup/rollup-linux-x64-gnu": "4.9.5"
      }
    },
    "node_modules/@rollup/rollup-linux-x64-gnu": {
      "version": "4.9.5",
      "resolved": "https://registry.npmjs.org/@rollup/rollup-linux-x64-gnu/-/rollup-linux-x64-gnu-4.9.5.tgz",
      "integrity": "sha512-Dq1bqBdLaZ1Gb/l2e5/+o3B18+8TI9ANlA1SkejZqDgdU/jK/ThYaMPMJpVMMXy2uRHvGKbkz9vheVGdq3cJfA==",
      "cpu": [
        "x64"
      ],
      "optional": true,
      "os": [
        "linux"
      ]
    }
  }
}
